
Microsoft Visual Studio Solution File, Format Version 12.00
# Visual Studio 2013
VisualStudioVersion = 12.0.31101.0
MinimumVisualStudioVersion = 10.0.40219.1
Project("{FAE04EC0-301F-11D3-BF4B-00C04F79EFBC}") = "ConversionGameTool", "ConversionGameTool.csproj", "{8F151A7E-61FB-41B9-A6DC-F0FEE129C85E}"
EndProject
Global
	GlobalSection(SolutionConfigurationPlatforms) = preSolution
		Debug|Any CPU = Debug|Any CPU
		Release|Any CPU = Release|Any CPU
	EndGlobalSection
	GlobalSection(ProjectConfigurationPlatforms) = postSolution
		{8F151A7E-61FB-41B9-A6DC-F0FEE129C85E}.Debug|Any CPU.ActiveCfg = Debug|Any CPU
		{8F151A7E-61FB-41B9-A6DC-F0FEE129C85E}.Debug|Any CPU.Build.0 = Debug|Any CPU
		{8F151A7E-61FB-41B9-A6DC-F0FEE129C85E}.Release|Any CPU.ActiveCfg = Release|Any CPU
		{8F151A7E-61FB-41B9-A6DC-F0FEE129C85E}.Release|Any CPU.Build.0 = Release|Any CPU
	EndGlobalSection
	GlobalSection(SolutionProperties) = preSolution
		HideSolutionNode = FALSE
	EndGlobalSection
EndGlobal
